{
  "name": "@adoratorio/hades",
  "version": "1.0.0",
  "lockfileVersion": 2,
  "requires": true,
  "packages": {
    "": {
      "name": "@adoratorio/hades",
      "version": "1.0.0",
      "license": "MIT",
      "dependencies": {
        "@adoratorio/aion": "^0.3.3",
        "@adoratorio/hermes": "^1.0.0"
      },
      "devDependencies": {
        "typescript": "^4.8.4"
      }
    },
    "node_modules/@adoratorio/aion": {
      "version": "0.3.3",
      "resolved": "https://registry.npmjs.org/@adoratorio/aion/-/aion-0.3.3.tgz",
      "integrity": "sha512-uuD4EwX6S6EmLMvEf+E+riH+d1Zbz5xu7svF8nhAlquRj0xMQPIZH9GiE/kuY1rtD54JMYbQ0+S/0bdVZhw1ww=="
    },
    "node_modules/@adoratorio/hermes": {
      "version": "1.0.0",
      "resolved": "https://registry.npmjs.org/@adoratorio/hermes/-/hermes-1.0.0.tgz",
      "integrity": "sha512-3REeQSumvAXvIJVxsKRRmyb9ySdwjPwfhIsmDKftPgSo3DWj1Vmy+YAwIuimtcGjFqef5bdFTdJy7LJ56HdK6g=="
    },
    "node_modules/typescript": {
      "version": "4.8.4",
      "resolved": "https://registry.npmjs.org/typescript/-/typescript-4.8.4.tgz",
      "integrity": "sha512-QCh+85mCy+h0IGff8r5XWzOVSbBO+KfeYrMQh7NJ58QujwcE22u+NUSmUxqF+un70P9GXKxa2HCNiTTMJknyjQ==",
      "dev": true,
      "bin": {
        "tsc": "bin/tsc",
        "tsserver": "bin/tsserver"
      },
      "engines": {
        "node": ">=4.2.0"
      }
    }
  },
  "dependencies": {
    "@adoratorio/aion": {
      "version": "0.3.3",
      "resolved": "https://registry.npmjs.org/@adoratorio/aion/-/aion-0.3.3.tgz",
      "integrity": "sha512-uuD4EwX6S6EmLMvEf+E+riH+d1Zbz5xu7svF8nhAlquRj0xMQPIZH9GiE/kuY1rtD54JMYbQ0+S/0bdVZhw1ww=="
    },
    "@adoratorio/hermes": {
      "version": "1.0.0",
      "resolved": "https://registry.npmjs.org/@adoratorio/hermes/-/hermes-1.0.0.tgz",
      "integrity": "sha512-3REeQSumvAXvIJVxsKRRmyb9ySdwjPwfhIsmDKftPgSo3DWj1Vmy+YAwIuimtcGjFqef5bdFTdJy7LJ56HdK6g=="
    },
    "typescript": {
      "version": "4.8.4",
      "resolved": "https://registry.npmjs.org/typescript/-/typescript-4.8.4.tgz",
      "integrity": "sha512-QCh+85mCy+h0IGff8r5XWzOVSbBO+KfeYrMQh7NJ58QujwcE22u+NUSmUxqF+un70P9GXKxa2HCNiTTMJknyjQ==",
      "dev": true
    }
  }
}
