{
  "name": "@adoratorio/hades",
  "version": "0.0.1",
  "lockfileVersion": 1,
  "requires": true,
  "dependencies": {
    "@adoratorio/aion": {
      "version": "0.3.2",
      "resolved": "https://registry.npmjs.org/@adoratorio/aion/-/aion-0.3.2.tgz",
      "integrity": "sha512-iG/x+HJ7935+HyXdOgX25FGbBrWR9pYYiicmraMJGDHCD3CuYoJw6aha5k3s+Diy0Yb28gsW+ZE7RKGOyuNiig=="
    },
    "@adoratorio/hermes": {
      "version": "0.1.8",
      "resolved": "https://registry.npmjs.org/@adoratorio/hermes/-/hermes-0.1.8.tgz",
      "integrity": "sha512-dNcIM8TEcYbbmYm5AxNT9HWuDJJNfGYXuXKzgZ1P3NA9i9KGm33Y19qg8J3qaWFkDIUAUbwd9+gP7m0cgVKnPA=="
    },
    "typescript": {
      "version": "3.3.3333",
      "resolved": "https://registry.npmjs.org/typescript/-/typescript-3.3.3333.tgz",
      "integrity": "sha512-JjSKsAfuHBE/fB2oZ8NxtRTk5iGcg6hkYXMnZ3Wc+b2RSqejEqTaem11mHASMnFilHrax3sLK0GDzcJrekZYLw==",
      "dev": true
    }
  }
}
