{
  "name": "@adoratorio/hades",
  "version": "0.1.18",
  "lockfileVersion": 1,
  "requires": true,
  "dependencies": {
    "@adoratorio/aion": {
      "version": "0.3.3",
      "resolved": "https://registry.npmjs.org/@adoratorio/aion/-/aion-0.3.3.tgz",
      "integrity": "sha512-uuD4EwX6S6EmLMvEf+E+riH+d1Zbz5xu7svF8nhAlquRj0xMQPIZH9GiE/kuY1rtD54JMYbQ0+S/0bdVZhw1ww=="
    },
    "@adoratorio/hermes": {
      "version": "0.1.33",
      "resolved": "https://registry.npmjs.org/@adoratorio/hermes/-/hermes-0.1.33.tgz",
      "integrity": "sha512-R8SrNpiNnUjv3M5UdOysFBJfVPjSnOOjxnFatk2i3d+3mRS+PrkNpxdF6DnMNxGAITx9Q1Lf4T8Z/SmYn1OD7Q=="
    },
    "typescript": {
      "version": "3.3.3333",
      "resolved": "https://registry.npmjs.org/typescript/-/typescript-3.3.3333.tgz",
      "integrity": "sha512-JjSKsAfuHBE/fB2oZ8NxtRTk5iGcg6hkYXMnZ3Wc+b2RSqejEqTaem11mHASMnFilHrax3sLK0GDzcJrekZYLw==",
      "dev": true
    }
  }
}
